// !$*UTF8*$!
{
	archiveVersion = 1;
	classes = {
	};
	objectVersion = 46;
	objects = {

/* Begin PBXBuildFile section */
		C503F13A1EA1A8A200FA95A7 /* Export.swift in Sources */ = {isa = PBXBuildFile; fileRef = C503F1391EA1A8A100FA95A7 /* Export.swift */; };
		C517B1FE1EBC134200CDAA17 /* UICountingLabel-LICENSE.txt in Resources */ = {isa = PBXBuildFile; fileRef = C517B1EA1EBC134200CDAA17 /* UICountingLabel-LICENSE.txt */; };
		C517B1FF1EBC134200CDAA17 /* UICountingLabel.m in Sources */ = {isa = PBXBuildFile; fileRef = C517B1EC1EBC134200CDAA17 /* UICountingLabel.m */; };
		C518791A1F00416F00881FB6 /* ZipArchive.framework in Frameworks */ = {isa = PBXBuildFile; fileRef = C5A81A7A1F0040540032D9F1 /* ZipArchive.framework */; };
		C518791F1F00461000881FB6 /* PhotoBox.swift in Sources */ = {isa = PBXBuildFile; fileRef = C518791E1F00461000881FB6 /* PhotoBox.swift */; };
		C518B59A1E88C7F0009CA4BB /* Decimal+DoubleValue.swift in Sources */ = {isa = PBXBuildFile; fileRef = C518B5991E88C7F0009CA4BB /* Decimal+DoubleValue.swift */; };
		C538FAB91E85696200295062 /* Main.storyboard in Resources */ = {isa = PBXBuildFile; fileRef = C538FAB71E85696200295062 /* Main.storyboard */; };
		C53BCAA71E9203BC000B5EE1 /* cal_recur.png in Resources */ = {isa = PBXBuildFile; fileRef = C53BCAA41E9203BC000B5EE1 /* cal_recur.png */; };
		C53BCAA81E9203BC000B5EE1 /* cal_recur@2x.png in Resources */ = {isa = PBXBuildFile; fileRef = C53BCAA51E9203BC000B5EE1 /* cal_recur@2x.png */; };
		C53BCAA91E9203BC000B5EE1 /* cal_recur@3x.png in Resources */ = {isa = PBXBuildFile; fileRef = C53BCAA61E9203BC000B5EE1 /* cal_recur@3x.png */; };
		C54BF5B61FF8370F007F628D /* NYTPhotoViewer.framework in Frameworks */ = {isa = PBXBuildFile; fileRef = C5A81A781F0040540032D9F1 /* NYTPhotoViewer.framework */; };
		C54E4F491EFD3984006A1CA3 /* ImageSelectorView.swift in Sources */ = {isa = PBXBuildFile; fileRef = C54E4F481EFD3984006A1CA3 /* ImageSelectorView.swift */; };
		C556D2541F247C6B008CA20E /* UIControl+Closures.swift in Sources */ = {isa = PBXBuildFile; fileRef = C556D2531F247C6B008CA20E /* UIControl+Closures.swift */; };
		C55CCFD11F9D44E4001EF0B4 /* UIColor+255.swift in Sources */ = {isa = PBXBuildFile; fileRef = C55CCFD01F9D44E4001EF0B4 /* UIColor+255.swift */; };
		C56CA07A1F64BDEB00874FA8 /* TextFieldTableViewCell.swift in Sources */ = {isa = PBXBuildFile; fileRef = C56CA0791F64BDEB00874FA8 /* TextFieldTableViewCell.swift */; };
		C56F7ED91F64A22B00639F8D /* DatePickerTableViewCell.swift in Sources */ = {isa = PBXBuildFile; fileRef = C56F7ED81F64A22B00639F8D /* DatePickerTableViewCell.swift */; };
		C573B9F420324C410025A5A2 /* Goal+CoreDataClass.swift in Sources */ = {isa = PBXBuildFile; fileRef = C573B9F220324C410025A5A2 /* Goal+CoreDataClass.swift */; };
		C573B9F520324C410025A5A2 /* Goal+CoreDataProperties.swift in Sources */ = {isa = PBXBuildFile; fileRef = C573B9F320324C410025A5A2 /* Goal+CoreDataProperties.swift */; };
		C573B9FE20324CDA0025A5A2 /* Image+CoreDataProperties.swift in Sources */ = {isa = PBXBuildFile; fileRef = C573B9F620324CDA0025A5A2 /* Image+CoreDataProperties.swift */; };
		C573B9FF20324CDA0025A5A2 /* Pause+CoreDataProperties.swift in Sources */ = {isa = PBXBuildFile; fileRef = C573B9F720324CDA0025A5A2 /* Pause+CoreDataProperties.swift */; };
		C573BA0020324CDA0025A5A2 /* Image+CoreDataClass.swift in Sources */ = {isa = PBXBuildFile; fileRef = C573B9F820324CDA0025A5A2 /* Image+CoreDataClass.swift */; };
		C573BA0120324CDA0025A5A2 /* Adjustment+CoreDataProperties.swift in Sources */ = {isa = PBXBuildFile; fileRef = C573B9F920324CDA0025A5A2 /* Adjustment+CoreDataProperties.swift */; };
		C573BA0220324CDA0025A5A2 /* Adjustment+CoreDataClass.swift in Sources */ = {isa = PBXBuildFile; fileRef = C573B9FA20324CDA0025A5A2 /* Adjustment+CoreDataClass.swift */; };
		C573BA0320324CDA0025A5A2 /* Expense+CoreDataProperties.swift in Sources */ = {isa = PBXBuildFile; fileRef = C573B9FB20324CDA0025A5A2 /* Expense+CoreDataProperties.swift */; };
		C573BA0420324CDA0025A5A2 /* Expense+CoreDataClass.swift in Sources */ = {isa = PBXBuildFile; fileRef = C573B9FC20324CDA0025A5A2 /* Expense+CoreDataClass.swift */; };
		C573BA0520324CDA0025A5A2 /* Pause+CoreDataClass.swift in Sources */ = {isa = PBXBuildFile; fileRef = C573B9FD20324CDA0025A5A2 /* Pause+CoreDataClass.swift */; };
		C5741D4E1FB93EDC00EEDDDD /* TodayViewController.swift in Sources */ = {isa = PBXBuildFile; fileRef = C5741D4D1FB93EDC00EEDDDD /* TodayViewController.swift */; };
		C5781D9B1E6E2060006BBC03 /* AppDelegate.swift in Sources */ = {isa = PBXBuildFile; fileRef = C5781D9A1E6E2060006BBC03 /* AppDelegate.swift */; };
		C5781DA31E6E2060006BBC03 /* DailySpend.xcdatamodeld in Sources */ = {isa = PBXBuildFile; fileRef = C5781DA11E6E2060006BBC03 /* DailySpend.xcdatamodeld */; };
		C5781DA51E6E2060006BBC03 /* Assets.xcassets in Resources */ = {isa = PBXBuildFile; fileRef = C5781DA41E6E2060006BBC03 /* Assets.xcassets */; };
		C5781DA81E6E2060006BBC03 /* LaunchScreen.storyboard in Resources */ = {isa = PBXBuildFile; fileRef = C5781DA61E6E2060006BBC03 /* LaunchScreen.storyboard */; };
		C5781DB31E6E2060006BBC03 /* DailySpendTests.swift in Sources */ = {isa = PBXBuildFile; fileRef = C5781DB21E6E2060006BBC03 /* DailySpendTests.swift */; };
		C5781DBE1E6E2060006BBC03 /* DailySpendUITests.swift in Sources */ = {isa = PBXBuildFile; fileRef = C5781DBD1E6E2060006BBC03 /* DailySpendUITests.swift */; };
		C586813C1F2E85D5008D3AEE /* BorderedTextField.swift in Sources */ = {isa = PBXBuildFile; fileRef = C586813B1F2E85D5008D3AEE /* BorderedTextField.swift */; };
		C586813E1F2E8BF2008D3AEE /* CGRect+Edges.swift in Sources */ = {isa = PBXBuildFile; fileRef = C586813D1F2E8BF2008D3AEE /* CGRect+Edges.swift */; };
		C58681401F2E91E6008D3AEE /* UIView+MultipleSubviews.swift in Sources */ = {isa = PBXBuildFile; fileRef = C586813F1F2E91E6008D3AEE /* UIView+MultipleSubviews.swift */; };
		C594F1CE1F47EDFE006CA097 /* CalendarDay.swift in Sources */ = {isa = PBXBuildFile; fileRef = C594F1CD1F47EDFE006CA097 /* CalendarDay.swift */; };
		C594F1D01F47F206006CA097 /* CalendarMonth.swift in Sources */ = {isa = PBXBuildFile; fileRef = C594F1CF1F47F206006CA097 /* CalendarMonth.swift */; };
		C594F1D61F494CD6006CA097 /* Logger.swift in Sources */ = {isa = PBXBuildFile; fileRef = C594F1D51F494CD6006CA097 /* Logger.swift */; };
		C5A261A41F66645B007CBB21 /* PauseViewController.swift in Sources */ = {isa = PBXBuildFile; fileRef = C5A261A31F66645B007CBB21 /* PauseViewController.swift */; };
		C5A4AF901FA6B52900101809 /* TableViewCellHelper.swift in Sources */ = {isa = PBXBuildFile; fileRef = C5A4AF8F1FA6B52900101809 /* TableViewCellHelper.swift */; };
		C5B367CF1EBBD65E006B5ADC /* cog.png in Resources */ = {isa = PBXBuildFile; fileRef = C5B367CC1EBBD65E006B5ADC /* cog.png */; };
		C5B367D01EBBD65E006B5ADC /* cog@2x.png in Resources */ = {isa = PBXBuildFile; fileRef = C5B367CD1EBBD65E006B5ADC /* cog@2x.png */; };
		C5B367D11EBBD65E006B5ADC /* cog@3x.png in Resources */ = {isa = PBXBuildFile; fileRef = C5B367CE1EBBD65E006B5ADC /* cog@3x.png */; };
		C5BA55B31E8D92C800256E7A /* InitialAdjustmentViewController.swift in Sources */ = {isa = PBXBuildFile; fileRef = C5BA55B21E8D92C800256E7A /* InitialAdjustmentViewController.swift */; };
		C5BA55B51E8DAB0E00256E7A /* ReviewTableViewCell.swift in Sources */ = {isa = PBXBuildFile; fileRef = C5BA55B41E8DAB0E00256E7A /* ReviewTableViewCell.swift */; };
		C5C65A221EBBFBC6002D1B12 /* ExportViewController.swift in Sources */ = {isa = PBXBuildFile; fileRef = C5C65A211EBBFBC6002D1B12 /* ExportViewController.swift */; };
		C5CF5F641E7BB68600C35539 /* cal.png in Resources */ = {isa = PBXBuildFile; fileRef = C5CF5F5E1E7BB68600C35539 /* cal.png */; };
		C5CF5F651E7BB68600C35539 /* cal@2x.png in Resources */ = {isa = PBXBuildFile; fileRef = C5CF5F5F1E7BB68600C35539 /* cal@2x.png */; };
		C5CF5F661E7BB68600C35539 /* cal@3x.png in Resources */ = {isa = PBXBuildFile; fileRef = C5CF5F601E7BB68600C35539 /* cal@3x.png */; };
		C5CF5F671E7BB68600C35539 /* today.png in Resources */ = {isa = PBXBuildFile; fileRef = C5CF5F611E7BB68600C35539 /* today.png */; };
		C5CF5F681E7BB68600C35539 /* today@2x.png in Resources */ = {isa = PBXBuildFile; fileRef = C5CF5F621E7BB68600C35539 /* today@2x.png */; };
		C5CF5F691E7BB68600C35539 /* today@3x.png in Resources */ = {isa = PBXBuildFile; fileRef = C5CF5F631E7BB68600C35539 /* today@3x.png */; };
		C5D3FF331F646B1300D3C7A4 /* AddPauseViewController.swift in Sources */ = {isa = PBXBuildFile; fileRef = C5D3FF321F646B1300D3C7A4 /* AddPauseViewController.swift */; };
		C5D4DAB81F931D250013A6F3 /* SegmentedControlTableViewCell.swift in Sources */ = {isa = PBXBuildFile; fileRef = C5D4DAB71F931D240013A6F3 /* SegmentedControlTableViewCell.swift */; };
		C5DD5A831E83B383008F7FC6 /* CurrentDayTableViewCell.swift in Sources */ = {isa = PBXBuildFile; fileRef = C5DD5A821E83B383008F7FC6 /* CurrentDayTableViewCell.swift */; };
		C5DD5A851E83B4AC008F7FC6 /* InitialSpendViewController.swift in Sources */ = {isa = PBXBuildFile; fileRef = C5DD5A841E83B4AC008F7FC6 /* InitialSpendViewController.swift */; };
		C5E02501201C011500831269 /* CalendarWeek.swift in Sources */ = {isa = PBXBuildFile; fileRef = C5E02500201C011500831269 /* CalendarWeek.swift */; };
		C5E339011F930F5700785085 /* AdjustmentViewController.swift in Sources */ = {isa = PBXBuildFile; fileRef = C5E339001F930F5700785085 /* AdjustmentViewController.swift */; };
		C5E339031F930F6600785085 /* AddAdjustmentViewController.swift in Sources */ = {isa = PBXBuildFile; fileRef = C5E339021F930F6600785085 /* AddAdjustmentViewController.swift */; };
		C5EDC2271EBBC12400DA5CB7 /* SettingsViewController.swift in Sources */ = {isa = PBXBuildFile; fileRef = C5EDC2261EBBC12400DA5CB7 /* SettingsViewController.swift */; };
		C5EE62A31E85769700CAEEE7 /* String+CharacterSet.swift in Sources */ = {isa = PBXBuildFile; fileRef = C5EE62A21E85769700CAEEE7 /* String+CharacterSet.swift */; };
		C5F4712E1F053BB600859A4C /* ExpenseProvider.swift in Sources */ = {isa = PBXBuildFile; fileRef = C5F4712D1F053BB600859A4C /* ExpenseProvider.swift */; };
		C5F75FF01F9D5A75005F3510 /* UILabel+Size.swift in Sources */ = {isa = PBXBuildFile; fileRef = C5F75FEF1F9D5A75005F3510 /* UILabel+Size.swift */; };
		C5F75FF21F9D6A29005F3510 /* UITextField+Size.swift in Sources */ = {isa = PBXBuildFile; fileRef = C5F75FF11F9D6A29005F3510 /* UITextField+Size.swift */; };
/* End PBXBuildFile section */

/* Begin PBXContainerItemProxy section */
		C5781DAF1E6E2060006BBC03 /* PBXContainerItemProxy */ = {
			isa = PBXContainerItemProxy;
			containerPortal = C5781D8F1E6E2060006BBC03 /* Project object */;
			proxyType = 1;
			remoteGlobalIDString = C5781D961E6E2060006BBC03;
			remoteInfo = DailySpend;
		};
		C5781DBA1E6E2060006BBC03 /* PBXContainerItemProxy */ = {
			isa = PBXContainerItemProxy;
			containerPortal = C5781D8F1E6E2060006BBC03 /* Project object */;
			proxyType = 1;
			remoteGlobalIDString = C5781D961E6E2060006BBC03;
			remoteInfo = DailySpend;
		};
/* End PBXContainerItemProxy section */

/* Begin PBXFileReference section */
		C502DB2B1F92B24C004136E5 /* DailySpend 5.xcdatamodel */ = {isa = PBXFileReference; lastKnownFileType = wrapper.xcdatamodel; path = "DailySpend 5.xcdatamodel"; sourceTree = "<group>"; };
		C503F1391EA1A8A100FA95A7 /* Export.swift */ = {isa = PBXFileReference; fileEncoding = 4; lastKnownFileType = sourcecode.swift; path = Export.swift; sourceTree = "<group>"; };
		C5108977201BE8A1005AA672 /* DailySpend 6.xcdatamodel */ = {isa = PBXFileReference; lastKnownFileType = wrapper.xcdatamodel; path = "DailySpend 6.xcdatamodel"; sourceTree = "<group>"; };
		C5117DB01FB94A410032F854 /* ExpenseTableViewCell.swift */ = {isa = PBXFileReference; lastKnownFileType = sourcecode.swift; path = ExpenseTableViewCell.swift; sourceTree = "<group>"; };
		C517B1EA1EBC134200CDAA17 /* UICountingLabel-LICENSE.txt */ = {isa = PBXFileReference; fileEncoding = 4; lastKnownFileType = text; path = "UICountingLabel-LICENSE.txt"; sourceTree = "<group>"; };
		C517B1EB1EBC134200CDAA17 /* UICountingLabel.h */ = {isa = PBXFileReference; fileEncoding = 4; lastKnownFileType = sourcecode.c.h; path = UICountingLabel.h; sourceTree = "<group>"; };
		C517B1EC1EBC134200CDAA17 /* UICountingLabel.m */ = {isa = PBXFileReference; fileEncoding = 4; lastKnownFileType = sourcecode.c.objc; path = UICountingLabel.m; sourceTree = "<group>"; };
		C518791E1F00461000881FB6 /* PhotoBox.swift */ = {isa = PBXFileReference; fileEncoding = 4; lastKnownFileType = sourcecode.swift; path = PhotoBox.swift; sourceTree = "<group>"; };
		C518B5991E88C7F0009CA4BB /* Decimal+DoubleValue.swift */ = {isa = PBXFileReference; fileEncoding = 4; lastKnownFileType = sourcecode.swift; path = "Decimal+DoubleValue.swift"; sourceTree = "<group>"; };
		C518B59B1E88D668009CA4BB /* DailySpend-Bridging-Header.h */ = {isa = PBXFileReference; lastKnownFileType = sourcecode.c.h; name = "DailySpend-Bridging-Header.h"; path = "DailySpend/DailySpend-Bridging-Header.h"; sourceTree = "<group>"; };
		C51A224D1EBFB32D00B53C24 /* LICENSE.md */ = {isa = PBXFileReference; fileEncoding = 4; lastKnownFileType = net.daringfireball.markdown; path = LICENSE.md; sourceTree = "<group>"; };
		C51B8C501F04DE65008AC0C6 /* ExpenseView.swift */ = {isa = PBXFileReference; fileEncoding = 4; lastKnownFileType = sourcecode.swift; path = ExpenseView.swift; sourceTree = "<group>"; };
		C51B8C521F04EDE5008AC0C6 /* DailySpend 3.xcdatamodel */ = {isa = PBXFileReference; lastKnownFileType = wrapper.xcdatamodel; path = "DailySpend 3.xcdatamodel"; sourceTree = "<group>"; };
		C521651B1F9DCC610056A6D5 /* NYTPhotoViewer.framework */ = {isa = PBXFileReference; lastKnownFileType = wrapper.framework; name = NYTPhotoViewer.framework; path = Carthage/Build/iOS/NYTPhotoViewer.framework; sourceTree = "<group>"; };
		C5316BF51E78D80F00BC2918 /* OldExpenseTableViewCell.swift */ = {isa = PBXFileReference; fileEncoding = 4; lastKnownFileType = sourcecode.swift; path = OldExpenseTableViewCell.swift; sourceTree = "<group>"; };
		C538FAB81E85696200295062 /* Base */ = {isa = PBXFileReference; lastKnownFileType = file.storyboard; name = Base; path = Base.lproj/Main.storyboard; sourceTree = "<group>"; };
		C53BCAA41E9203BC000B5EE1 /* cal_recur.png */ = {isa = PBXFileReference; lastKnownFileType = image.png; path = cal_recur.png; sourceTree = "<group>"; };
		C53BCAA51E9203BC000B5EE1 /* cal_recur@2x.png */ = {isa = PBXFileReference; lastKnownFileType = image.png; path = "cal_recur@2x.png"; sourceTree = "<group>"; };
		C53BCAA61E9203BC000B5EE1 /* cal_recur@3x.png */ = {isa = PBXFileReference; lastKnownFileType = image.png; path = "cal_recur@3x.png"; sourceTree = "<group>"; };
		C54BF5B41FF1911A007F628D /* ExpenseCellsController.swift */ = {isa = PBXFileReference; lastKnownFileType = sourcecode.swift; path = ExpenseCellsController.swift; sourceTree = "<group>"; };
		C54E4F481EFD3984006A1CA3 /* ImageSelectorView.swift */ = {isa = PBXFileReference; fileEncoding = 4; lastKnownFileType = sourcecode.swift; path = ImageSelectorView.swift; sourceTree = "<group>"; };
		C556D2511F2466EB008CA20E /* ExpenseViewController.swift */ = {isa = PBXFileReference; fileEncoding = 4; lastKnownFileType = sourcecode.swift; path = ExpenseViewController.swift; sourceTree = "<group>"; };
		C556D2531F247C6B008CA20E /* UIControl+Closures.swift */ = {isa = PBXFileReference; fileEncoding = 4; lastKnownFileType = sourcecode.swift; path = "UIControl+Closures.swift"; sourceTree = "<group>"; };
		C55CCFD01F9D44E4001EF0B4 /* UIColor+255.swift */ = {isa = PBXFileReference; fileEncoding = 4; lastKnownFileType = sourcecode.swift; path = "UIColor+255.swift"; sourceTree = "<group>"; };
		C56CA0791F64BDEB00874FA8 /* TextFieldTableViewCell.swift */ = {isa = PBXFileReference; fileEncoding = 4; lastKnownFileType = sourcecode.swift; path = TextFieldTableViewCell.swift; sourceTree = "<group>"; };
		C56F7ED81F64A22B00639F8D /* DatePickerTableViewCell.swift */ = {isa = PBXFileReference; fileEncoding = 4; lastKnownFileType = sourcecode.swift; path = DatePickerTableViewCell.swift; sourceTree = "<group>"; };
		C573B9F220324C410025A5A2 /* Goal+CoreDataClass.swift */ = {isa = PBXFileReference; lastKnownFileType = sourcecode.swift; name = "Goal+CoreDataClass.swift"; path = "DailySpend/Goal+CoreDataClass.swift"; sourceTree = "<group>"; };
		C573B9F320324C410025A5A2 /* Goal+CoreDataProperties.swift */ = {isa = PBXFileReference; lastKnownFileType = sourcecode.swift; name = "Goal+CoreDataProperties.swift"; path = "DailySpend/Goal+CoreDataProperties.swift"; sourceTree = "<group>"; };
		C573B9F620324CDA0025A5A2 /* Image+CoreDataProperties.swift */ = {isa = PBXFileReference; fileEncoding = 4; lastKnownFileType = sourcecode.swift; name = "Image+CoreDataProperties.swift"; path = "DailySpend/Image+CoreDataProperties.swift"; sourceTree = "<group>"; };
		C573B9F720324CDA0025A5A2 /* Pause+CoreDataProperties.swift */ = {isa = PBXFileReference; fileEncoding = 4; lastKnownFileType = sourcecode.swift; name = "Pause+CoreDataProperties.swift"; path = "DailySpend/Pause+CoreDataProperties.swift"; sourceTree = "<group>"; };
		C573B9F820324CDA0025A5A2 /* Image+CoreDataClass.swift */ = {isa = PBXFileReference; fileEncoding = 4; lastKnownFileType = sourcecode.swift; name = "Image+CoreDataClass.swift"; path = "DailySpend/Image+CoreDataClass.swift"; sourceTree = "<group>"; };
		C573B9F920324CDA0025A5A2 /* Adjustment+CoreDataProperties.swift */ = {isa = PBXFileReference; fileEncoding = 4; lastKnownFileType = sourcecode.swift; name = "Adjustment+CoreDataProperties.swift"; path = "DailySpend/Adjustment+CoreDataProperties.swift"; sourceTree = "<group>"; };
		C573B9FA20324CDA0025A5A2 /* Adjustment+CoreDataClass.swift */ = {isa = PBXFileReference; fileEncoding = 4; lastKnownFileType = sourcecode.swift; name = "Adjustment+CoreDataClass.swift"; path = "DailySpend/Adjustment+CoreDataClass.swift"; sourceTree = "<group>"; };
		C573B9FB20324CDA0025A5A2 /* Expense+CoreDataProperties.swift */ = {isa = PBXFileReference; fileEncoding = 4; lastKnownFileType = sourcecode.swift; name = "Expense+CoreDataProperties.swift"; path = "DailySpend/Expense+CoreDataProperties.swift"; sourceTree = "<group>"; };
		C573B9FC20324CDA0025A5A2 /* Expense+CoreDataClass.swift */ = {isa = PBXFileReference; fileEncoding = 4; lastKnownFileType = sourcecode.swift; name = "Expense+CoreDataClass.swift"; path = "DailySpend/Expense+CoreDataClass.swift"; sourceTree = "<group>"; };
		C573B9FD20324CDA0025A5A2 /* Pause+CoreDataClass.swift */ = {isa = PBXFileReference; fileEncoding = 4; lastKnownFileType = sourcecode.swift; name = "Pause+CoreDataClass.swift"; path = "DailySpend/Pause+CoreDataClass.swift"; sourceTree = "<group>"; };
		C5741D4D1FB93EDC00EEDDDD /* TodayViewController.swift */ = {isa = PBXFileReference; lastKnownFileType = sourcecode.swift; path = TodayViewController.swift; sourceTree = "<group>"; };
		C5781D971E6E2060006BBC03 /* DailySpend.app */ = {isa = PBXFileReference; explicitFileType = wrapper.application; includeInIndex = 0; path = DailySpend.app; sourceTree = BUILT_PRODUCTS_DIR; };
		C5781D9A1E6E2060006BBC03 /* AppDelegate.swift */ = {isa = PBXFileReference; lastKnownFileType = sourcecode.swift; path = AppDelegate.swift; sourceTree = "<group>"; };
		C5781DA21E6E2060006BBC03 /* DailySpend.xcdatamodel */ = {isa = PBXFileReference; lastKnownFileType = wrapper.xcdatamodel; path = DailySpend.xcdatamodel; sourceTree = "<group>"; };
		C5781DA41E6E2060006BBC03 /* Assets.xcassets */ = {isa = PBXFileReference; lastKnownFileType = folder.assetcatalog; name = Assets.xcassets; path = DailySpend/Assets.xcassets; sourceTree = "<group>"; };
		C5781DA71E6E2060006BBC03 /* Base */ = {isa = PBXFileReference; lastKnownFileType = file.storyboard; name = Base; path = Base.lproj/LaunchScreen.storyboard; sourceTree = "<group>"; };
		C5781DA91E6E2060006BBC03 /* Info.plist */ = {isa = PBXFileReference; lastKnownFileType = text.plist.xml; name = Info.plist; path = DailySpend/Info.plist; sourceTree = "<group>"; };
		C5781DAE1E6E2060006BBC03 /* DailySpendTests.xctest */ = {isa = PBXFileReference; explicitFileType = wrapper.cfbundle; includeInIndex = 0; path = DailySpendTests.xctest; sourceTree = BUILT_PRODUCTS_DIR; };
		C5781DB21E6E2060006BBC03 /* DailySpendTests.swift */ = {isa = PBXFileReference; lastKnownFileType = sourcecode.swift; path = DailySpendTests.swift; sourceTree = "<group>"; };
		C5781DB41E6E2060006BBC03 /* Info.plist */ = {isa = PBXFileReference; lastKnownFileType = text.plist.xml; path = Info.plist; sourceTree = "<group>"; };
		C5781DB91E6E2060006BBC03 /* DailySpendUITests.xctest */ = {isa = PBXFileReference; explicitFileType = wrapper.cfbundle; includeInIndex = 0; path = DailySpendUITests.xctest; sourceTree = BUILT_PRODUCTS_DIR; };
		C5781DBD1E6E2060006BBC03 /* DailySpendUITests.swift */ = {isa = PBXFileReference; lastKnownFileType = sourcecode.swift; path = DailySpendUITests.swift; sourceTree = "<group>"; };
		C5781DBF1E6E2060006BBC03 /* Info.plist */ = {isa = PBXFileReference; lastKnownFileType = text.plist.xml; path = Info.plist; sourceTree = "<group>"; };
		C5781DCB1E6E23B2006BBC03 /* OldTodayViewController.swift */ = {isa = PBXFileReference; fileEncoding = 4; lastKnownFileType = sourcecode.swift; path = OldTodayViewController.swift; sourceTree = "<group>"; };
		C586813B1F2E85D5008D3AEE /* BorderedTextField.swift */ = {isa = PBXFileReference; fileEncoding = 4; lastKnownFileType = sourcecode.swift; path = BorderedTextField.swift; sourceTree = "<group>"; };
		C586813D1F2E8BF2008D3AEE /* CGRect+Edges.swift */ = {isa = PBXFileReference; fileEncoding = 4; lastKnownFileType = sourcecode.swift; path = "CGRect+Edges.swift"; sourceTree = "<group>"; };
		C586813F1F2E91E6008D3AEE /* UIView+MultipleSubviews.swift */ = {isa = PBXFileReference; fileEncoding = 4; lastKnownFileType = sourcecode.swift; path = "UIView+MultipleSubviews.swift"; sourceTree = "<group>"; };
		C594F1CD1F47EDFE006CA097 /* CalendarDay.swift */ = {isa = PBXFileReference; fileEncoding = 4; lastKnownFileType = sourcecode.swift; path = CalendarDay.swift; sourceTree = "<group>"; };
		C594F1CF1F47F206006CA097 /* CalendarMonth.swift */ = {isa = PBXFileReference; fileEncoding = 4; lastKnownFileType = sourcecode.swift; lineEnding = 0; path = CalendarMonth.swift; sourceTree = "<group>"; xcLanguageSpecificationIdentifier = xcode.lang.swift; };
		C594F1D51F494CD6006CA097 /* Logger.swift */ = {isa = PBXFileReference; fileEncoding = 4; lastKnownFileType = sourcecode.swift; path = Logger.swift; sourceTree = "<group>"; };
		C5A261A31F66645B007CBB21 /* PauseViewController.swift */ = {isa = PBXFileReference; fileEncoding = 4; lastKnownFileType = sourcecode.swift; path = PauseViewController.swift; sourceTree = "<group>"; };
		C5A287C41EC1741200D3479A /* DailySpend 2.xcdatamodel */ = {isa = PBXFileReference; lastKnownFileType = wrapper.xcdatamodel; path = "DailySpend 2.xcdatamodel"; sourceTree = "<group>"; };
		C5A4AF8F1FA6B52900101809 /* TableViewCellHelper.swift */ = {isa = PBXFileReference; lastKnownFileType = sourcecode.swift; path = TableViewCellHelper.swift; sourceTree = "<group>"; };
		C5A81A771F0040540032D9F1 /* FLAnimatedImage.framework */ = {isa = PBXFileReference; lastKnownFileType = wrapper.framework; name = FLAnimatedImage.framework; path = Carthage/Build/iOS/FLAnimatedImage.framework; sourceTree = "<group>"; };
		C5A81A781F0040540032D9F1 /* NYTPhotoViewer.framework */ = {isa = PBXFileReference; lastKnownFileType = wrapper.framework; name = NYTPhotoViewer.framework; path = Carthage/Build/iOS/NYTPhotoViewer.framework; sourceTree = "<group>"; };
		C5A81A7A1F0040540032D9F1 /* ZipArchive.framework */ = {isa = PBXFileReference; lastKnownFileType = wrapper.framework; name = ZipArchive.framework; path = Carthage/Build/iOS/ZipArchive.framework; sourceTree = "<group>"; };
		C5B367CC1EBBD65E006B5ADC /* cog.png */ = {isa = PBXFileReference; lastKnownFileType = image.png; path = cog.png; sourceTree = "<group>"; };
		C5B367CD1EBBD65E006B5ADC /* cog@2x.png */ = {isa = PBXFileReference; lastKnownFileType = image.png; path = "cog@2x.png"; sourceTree = "<group>"; };
		C5B367CE1EBBD65E006B5ADC /* cog@3x.png */ = {isa = PBXFileReference; lastKnownFileType = image.png; path = "cog@3x.png"; sourceTree = "<group>"; };
		C5BA55B21E8D92C800256E7A /* InitialAdjustmentViewController.swift */ = {isa = PBXFileReference; fileEncoding = 4; lastKnownFileType = sourcecode.swift; path = InitialAdjustmentViewController.swift; sourceTree = "<group>"; };
		C5BA55B41E8DAB0E00256E7A /* ReviewTableViewCell.swift */ = {isa = PBXFileReference; fileEncoding = 4; lastKnownFileType = sourcecode.swift; path = ReviewTableViewCell.swift; sourceTree = "<group>"; };
		C5C65A211EBBFBC6002D1B12 /* ExportViewController.swift */ = {isa = PBXFileReference; fileEncoding = 4; lastKnownFileType = sourcecode.swift; path = ExportViewController.swift; sourceTree = "<group>"; };
		C5CF5F5E1E7BB68600C35539 /* cal.png */ = {isa = PBXFileReference; lastKnownFileType = image.png; path = cal.png; sourceTree = "<group>"; };
		C5CF5F5F1E7BB68600C35539 /* cal@2x.png */ = {isa = PBXFileReference; lastKnownFileType = image.png; path = "cal@2x.png"; sourceTree = "<group>"; };
		C5CF5F601E7BB68600C35539 /* cal@3x.png */ = {isa = PBXFileReference; lastKnownFileType = image.png; path = "cal@3x.png"; sourceTree = "<group>"; };
		C5CF5F611E7BB68600C35539 /* today.png */ = {isa = PBXFileReference; lastKnownFileType = image.png; path = today.png; sourceTree = "<group>"; };
		C5CF5F621E7BB68600C35539 /* today@2x.png */ = {isa = PBXFileReference; lastKnownFileType = image.png; path = "today@2x.png"; sourceTree = "<group>"; };
		C5CF5F631E7BB68600C35539 /* today@3x.png */ = {isa = PBXFileReference; lastKnownFileType = image.png; path = "today@3x.png"; sourceTree = "<group>"; };
		C5D3FF321F646B1300D3C7A4 /* AddPauseViewController.swift */ = {isa = PBXFileReference; fileEncoding = 4; lastKnownFileType = sourcecode.swift; path = AddPauseViewController.swift; sourceTree = "<group>"; };
		C5D3FF341F646BF300D3C7A4 /* DailySpend 4.xcdatamodel */ = {isa = PBXFileReference; lastKnownFileType = wrapper.xcdatamodel; path = "DailySpend 4.xcdatamodel"; sourceTree = "<group>"; };
		C5D4DAB71F931D240013A6F3 /* SegmentedControlTableViewCell.swift */ = {isa = PBXFileReference; lastKnownFileType = sourcecode.swift; path = SegmentedControlTableViewCell.swift; sourceTree = "<group>"; };
		C5DD5A821E83B383008F7FC6 /* CurrentDayTableViewCell.swift */ = {isa = PBXFileReference; fileEncoding = 4; lastKnownFileType = sourcecode.swift; path = CurrentDayTableViewCell.swift; sourceTree = "<group>"; };
		C5DD5A841E83B4AC008F7FC6 /* InitialSpendViewController.swift */ = {isa = PBXFileReference; fileEncoding = 4; lastKnownFileType = sourcecode.swift; path = InitialSpendViewController.swift; sourceTree = "<group>"; };
		C5E02500201C011500831269 /* CalendarWeek.swift */ = {isa = PBXFileReference; fileEncoding = 4; lastKnownFileType = sourcecode.swift; path = CalendarWeek.swift; sourceTree = "<group>"; };
		C5E339001F930F5700785085 /* AdjustmentViewController.swift */ = {isa = PBXFileReference; fileEncoding = 4; lastKnownFileType = sourcecode.swift; path = AdjustmentViewController.swift; sourceTree = "<group>"; };
		C5E339021F930F6600785085 /* AddAdjustmentViewController.swift */ = {isa = PBXFileReference; lastKnownFileType = sourcecode.swift; path = AddAdjustmentViewController.swift; sourceTree = "<group>"; };
		C5EDC2261EBBC12400DA5CB7 /* SettingsViewController.swift */ = {isa = PBXFileReference; fileEncoding = 4; lastKnownFileType = sourcecode.swift; path = SettingsViewController.swift; sourceTree = "<group>"; };
		C5EE62A21E85769700CAEEE7 /* String+CharacterSet.swift */ = {isa = PBXFileReference; fileEncoding = 4; lastKnownFileType = sourcecode.swift; path = "String+CharacterSet.swift"; sourceTree = "<group>"; };
		C5F4712D1F053BB600859A4C /* ExpenseProvider.swift */ = {isa = PBXFileReference; fileEncoding = 4; lastKnownFileType = sourcecode.swift; path = ExpenseProvider.swift; sourceTree = "<group>"; };
		C5F75FEF1F9D5A75005F3510 /* UILabel+Size.swift */ = {isa = PBXFileReference; fileEncoding = 4; lastKnownFileType = sourcecode.swift; path = "UILabel+Size.swift"; sourceTree = "<group>"; };
		C5F75FF11F9D6A29005F3510 /* UITextField+Size.swift */ = {isa = PBXFileReference; fileEncoding = 4; lastKnownFileType = sourcecode.swift; path = "UITextField+Size.swift"; sourceTree = "<group>"; };
		C5F75FF31F9DB01E005F3510 /* DayReviewViewController.swift */ = {isa = PBXFileReference; lastKnownFileType = sourcecode.swift; path = DayReviewViewController.swift; sourceTree = "<group>"; };
/* End PBXFileReference section */

/* Begin PBXFrameworksBuildPhase section */
		C5781D941E6E2060006BBC03 /* Frameworks */ = {
			isa = PBXFrameworksBuildPhase;
			buildActionMask = 2147483647;
			files = (
				C518791A1F00416F00881FB6 /* ZipArchive.framework in Frameworks */,
				C54BF5B61FF8370F007F628D /* NYTPhotoViewer.framework in Frameworks */,
			);
			runOnlyForDeploymentPostprocessing = 0;
		};
		C5781DAB1E6E2060006BBC03 /* Frameworks */ = {
			isa = PBXFrameworksBuildPhase;
			buildActionMask = 2147483647;
			files = (
			);
			runOnlyForDeploymentPostprocessing = 0;
		};
		C5781DB61E6E2060006BBC03 /* Frameworks */ = {
			isa = PBXFrameworksBuildPhase;
			buildActionMask = 2147483647;
			files = (
			);
			runOnlyForDeploymentPostprocessing = 0;
		};
/* End PBXFrameworksBuildPhase section */

/* Begin PBXGroup section */
		C517B1BC1EBC125600CDAA17 /* Frameworks */ = {
			isa = PBXGroup;
			children = (
				C521651B1F9DCC610056A6D5 /* NYTPhotoViewer.framework */,
				C5A81A771F0040540032D9F1 /* FLAnimatedImage.framework */,
				C5A81A781F0040540032D9F1 /* NYTPhotoViewer.framework */,
				C5A81A7A1F0040540032D9F1 /* ZipArchive.framework */,
			);
			name = Frameworks;
			sourceTree = "<group>";
		};
		C517B1E91EBC134200CDAA17 /* UICountingLabel */ = {
			isa = PBXGroup;
			children = (
				C517B1EA1EBC134200CDAA17 /* UICountingLabel-LICENSE.txt */,
				C517B1EB1EBC134200CDAA17 /* UICountingLabel.h */,
				C517B1EC1EBC134200CDAA17 /* UICountingLabel.m */,
			);
			path = UICountingLabel;
			sourceTree = "<group>";
		};
		C5316C2A1E7B241200BC2918 /* Extensions and Subclasses */ = {
			isa = PBXGroup;
			children = (
				C594F1CD1F47EDFE006CA097 /* CalendarDay.swift */,
				C5E02500201C011500831269 /* CalendarWeek.swift */,
				C594F1CF1F47F206006CA097 /* CalendarMonth.swift */,
				C556D2531F247C6B008CA20E /* UIControl+Closures.swift */,
				C5EE62A21E85769700CAEEE7 /* String+CharacterSet.swift */,
				C55CCFD01F9D44E4001EF0B4 /* UIColor+255.swift */,
				C5F75FEF1F9D5A75005F3510 /* UILabel+Size.swift */,
				C5F75FF11F9D6A29005F3510 /* UITextField+Size.swift */,
				C518B5991E88C7F0009CA4BB /* Decimal+DoubleValue.swift */,
				C586813F1F2E91E6008D3AEE /* UIView+MultipleSubviews.swift */,
				C586813D1F2E8BF2008D3AEE /* CGRect+Edges.swift */,
				C586813B1F2E85D5008D3AEE /* BorderedTextField.swift */,
			);
			name = "Extensions and Subclasses";
			sourceTree = "<group>";
		};
		C56500201E837F3A009D64F0 /* Managed Object Classes */ = {
			isa = PBXGroup;
			children = (
				C573B9F220324C410025A5A2 /* Goal+CoreDataClass.swift */,
				C573B9F320324C410025A5A2 /* Goal+CoreDataProperties.swift */,
				C573B9FA20324CDA0025A5A2 /* Adjustment+CoreDataClass.swift */,
				C573B9F920324CDA0025A5A2 /* Adjustment+CoreDataProperties.swift */,
				C573B9FC20324CDA0025A5A2 /* Expense+CoreDataClass.swift */,
				C573B9FB20324CDA0025A5A2 /* Expense+CoreDataProperties.swift */,
				C573B9F820324CDA0025A5A2 /* Image+CoreDataClass.swift */,
				C573B9F620324CDA0025A5A2 /* Image+CoreDataProperties.swift */,
				C573B9FD20324CDA0025A5A2 /* Pause+CoreDataClass.swift */,
				C573B9F720324CDA0025A5A2 /* Pause+CoreDataProperties.swift */,
			);
			name = "Managed Object Classes";
			path = ..;
			sourceTree = "<group>";
		};
		C5781D8E1E6E2060006BBC03 = {
			isa = PBXGroup;
			children = (
				C5781D991E6E2060006BBC03 /* DailySpend */,
				C518B59B1E88D668009CA4BB /* DailySpend-Bridging-Header.h */,
				C5781DA41E6E2060006BBC03 /* Assets.xcassets */,
				C5781DA61E6E2060006BBC03 /* LaunchScreen.storyboard */,
				C5781DA91E6E2060006BBC03 /* Info.plist */,
				C5781DB11E6E2060006BBC03 /* DailySpendTests */,
				C5781DBC1E6E2060006BBC03 /* DailySpendUITests */,
				C5781D981E6E2060006BBC03 /* Products */,
				C517B1BC1EBC125600CDAA17 /* Frameworks */,
			);
			sourceTree = "<group>";
		};
		C5781D981E6E2060006BBC03 /* Products */ = {
			isa = PBXGroup;
			children = (
				C5781D971E6E2060006BBC03 /* DailySpend.app */,
				C5781DAE1E6E2060006BBC03 /* DailySpendTests.xctest */,
				C5781DB91E6E2060006BBC03 /* DailySpendUITests.xctest */,
			);
			name = Products;
			sourceTree = "<group>";
		};
		C5781D991E6E2060006BBC03 /* DailySpend */ = {
			isa = PBXGroup;
			children = (
				C538FAB71E85696200295062 /* Main.storyboard */,
				C5781D9A1E6E2060006BBC03 /* AppDelegate.swift */,
				C5741D4D1FB93EDC00EEDDDD /* TodayViewController.swift */,
				C5BA55B41E8DAB0E00256E7A /* ReviewTableViewCell.swift */,
				C5F75FF31F9DB01E005F3510 /* DayReviewViewController.swift */,
				C556D2511F2466EB008CA20E /* ExpenseViewController.swift */,
				C5DD5A821E83B383008F7FC6 /* CurrentDayTableViewCell.swift */,
				C5EDC2261EBBC12400DA5CB7 /* SettingsViewController.swift */,
				C5DD5A841E83B4AC008F7FC6 /* InitialSpendViewController.swift */,
				C5A4AF8F1FA6B52900101809 /* TableViewCellHelper.swift */,
				C5A261A31F66645B007CBB21 /* PauseViewController.swift */,
				C5D3FF321F646B1300D3C7A4 /* AddPauseViewController.swift */,
				C5E339001F930F5700785085 /* AdjustmentViewController.swift */,
				C5E339021F930F6600785085 /* AddAdjustmentViewController.swift */,
				C5C65A211EBBFBC6002D1B12 /* ExportViewController.swift */,
				C503F1391EA1A8A100FA95A7 /* Export.swift */,
				C594F1D51F494CD6006CA097 /* Logger.swift */,
				C5781DCB1E6E23B2006BBC03 /* OldTodayViewController.swift */,
				C5316BF51E78D80F00BC2918 /* OldExpenseTableViewCell.swift */,
				C5D4DAB91F931D3E0013A6F3 /* Control-based Table View Cells */,
				C5AA87D61F36D5B7001B9F08 /* Expense View */,
				C5316C2A1E7B241200BC2918 /* Extensions and Subclasses */,
				C5F885F61F92EB9A0006B731 /* Core Data */,
				C51A224D1EBFB32D00B53C24 /* LICENSE.md */,
				C5BFEA7A1E8F43E300528878 /* Unused */,
				C5CF5F6A1E7BB68B00C35539 /* Images */,
				C517B1E91EBC134200CDAA17 /* UICountingLabel */,
			);
			path = DailySpend;
			sourceTree = "<group>";
		};
		C5781DB11E6E2060006BBC03 /* DailySpendTests */ = {
			isa = PBXGroup;
			children = (
				C5781DB21E6E2060006BBC03 /* DailySpendTests.swift */,
				C5781DB41E6E2060006BBC03 /* Info.plist */,
			);
			path = DailySpendTests;
			sourceTree = "<group>";
		};
		C5781DBC1E6E2060006BBC03 /* DailySpendUITests */ = {
			isa = PBXGroup;
			children = (
				C5781DBD1E6E2060006BBC03 /* DailySpendUITests.swift */,
				C5781DBF1E6E2060006BBC03 /* Info.plist */,
			);
			path = DailySpendUITests;
			sourceTree = "<group>";
		};
		C5AA87D61F36D5B7001B9F08 /* Expense View */ = {
			isa = PBXGroup;
			children = (
				C51B8C501F04DE65008AC0C6 /* ExpenseView.swift */,
				C5F4712D1F053BB600859A4C /* ExpenseProvider.swift */,
				C54BF5B41FF1911A007F628D /* ExpenseCellsController.swift */,
				C54E4F481EFD3984006A1CA3 /* ImageSelectorView.swift */,
				C518791E1F00461000881FB6 /* PhotoBox.swift */,
			);
			name = "Expense View";
			sourceTree = "<group>";
		};
		C5BFEA7A1E8F43E300528878 /* Unused */ = {
			isa = PBXGroup;
			children = (
				C5BA55B21E8D92C800256E7A /* InitialAdjustmentViewController.swift */,
			);
			name = Unused;
			sourceTree = "<group>";
		};
		C5CF5F6A1E7BB68B00C35539 /* Images */ = {
			isa = PBXGroup;
			children = (
				C5B367CC1EBBD65E006B5ADC /* cog.png */,
				C5B367CD1EBBD65E006B5ADC /* cog@2x.png */,
				C5B367CE1EBBD65E006B5ADC /* cog@3x.png */,
				C5CF5F5E1E7BB68600C35539 /* cal.png */,
				C5CF5F5F1E7BB68600C35539 /* cal@2x.png */,
				C5CF5F601E7BB68600C35539 /* cal@3x.png */,
				C5CF5F611E7BB68600C35539 /* today.png */,
				C5CF5F621E7BB68600C35539 /* today@2x.png */,
				C5CF5F631E7BB68600C35539 /* today@3x.png */,
				C53BCAA41E9203BC000B5EE1 /* cal_recur.png */,
				C53BCAA51E9203BC000B5EE1 /* cal_recur@2x.png */,
				C53BCAA61E9203BC000B5EE1 /* cal_recur@3x.png */,
			);
			name = Images;
			sourceTree = "<group>";
		};
		C5D4DAB91F931D3E0013A6F3 /* Control-based Table View Cells */ = {
			isa = PBXGroup;
			children = (
				C5117DB01FB94A410032F854 /* ExpenseTableViewCell.swift */,
				C56F7ED81F64A22B00639F8D /* DatePickerTableViewCell.swift */,
				C56CA0791F64BDEB00874FA8 /* TextFieldTableViewCell.swift */,
				C5D4DAB71F931D240013A6F3 /* SegmentedControlTableViewCell.swift */,
			);
			name = "Control-based Table View Cells";
			sourceTree = "<group>";
		};
		C5F885F61F92EB9A0006B731 /* Core Data */ = {
			isa = PBXGroup;
			children = (
				C5781DA11E6E2060006BBC03 /* DailySpend.xcdatamodeld */,
				C56500201E837F3A009D64F0 /* Managed Object Classes */,
			);
			name = "Core Data";
			sourceTree = "<group>";
		};
/* End PBXGroup section */

/* Begin PBXNativeTarget section */
		C5781D961E6E2060006BBC03 /* DailySpend */ = {
			isa = PBXNativeTarget;
			buildConfigurationList = C5781DC21E6E2060006BBC03 /* Build configuration list for PBXNativeTarget "DailySpend" */;
			buildPhases = (
				C5781D931E6E2060006BBC03 /* Sources */,
				C5781D941E6E2060006BBC03 /* Frameworks */,
				C5781D951E6E2060006BBC03 /* Resources */,
				C518791B1F00417400881FB6 /* ShellScript */,
			);
			buildRules = (
			);
			dependencies = (
			);
			name = DailySpend;
			productName = DailySpend;
			productReference = C5781D971E6E2060006BBC03 /* DailySpend.app */;
			productType = "com.apple.product-type.application";
		};
		C5781DAD1E6E2060006BBC03 /* DailySpendTests */ = {
			isa = PBXNativeTarget;
			buildConfigurationList = C5781DC51E6E2060006BBC03 /* Build configuration list for PBXNativeTarget "DailySpendTests" */;
			buildPhases = (
				C5781DAA1E6E2060006BBC03 /* Sources */,
				C5781DAB1E6E2060006BBC03 /* Frameworks */,
				C5781DAC1E6E2060006BBC03 /* Resources */,
			);
			buildRules = (
			);
			dependencies = (
				C5781DB01E6E2060006BBC03 /* PBXTargetDependency */,
			);
			name = DailySpendTests;
			productName = DailySpendTests;
			productReference = C5781DAE1E6E2060006BBC03 /* DailySpendTests.xctest */;
			productType = "com.apple.product-type.bundle.unit-test";
		};
		C5781DB81E6E2060006BBC03 /* DailySpendUITests */ = {
			isa = PBXNativeTarget;
			buildConfigurationList = C5781DC81E6E2060006BBC03 /* Build configuration list for PBXNativeTarget "DailySpendUITests" */;
			buildPhases = (
				C5781DB51E6E2060006BBC03 /* Sources */,
				C5781DB61E6E2060006BBC03 /* Frameworks */,
				C5781DB71E6E2060006BBC03 /* Resources */,
			);
			buildRules = (
			);
			dependencies = (
				C5781DBB1E6E2060006BBC03 /* PBXTargetDependency */,
			);
			name = DailySpendUITests;
			productName = DailySpendUITests;
			productReference = C5781DB91E6E2060006BBC03 /* DailySpendUITests.xctest */;
			productType = "com.apple.product-type.bundle.ui-testing";
		};
/* End PBXNativeTarget section */

/* Begin PBXProject section */
		C5781D8F1E6E2060006BBC03 /* Project object */ = {
			isa = PBXProject;
			attributes = {
				LastSwiftUpdateCheck = 0820;
				LastUpgradeCheck = 0900;
				ORGANIZATIONNAME = "Josh Sherick";
				TargetAttributes = {
					C5781D961E6E2060006BBC03 = {
						CreatedOnToolsVersion = 8.2.1;
						DevelopmentTeam = 9QAA23LAQ9;
						LastSwiftMigration = 0900;
						ProvisioningStyle = Automatic;
					};
					C5781DAD1E6E2060006BBC03 = {
						CreatedOnToolsVersion = 8.2.1;
						LastSwiftMigration = 0900;
						ProvisioningStyle = Automatic;
						TestTargetID = C5781D961E6E2060006BBC03;
					};
					C5781DB81E6E2060006BBC03 = {
						CreatedOnToolsVersion = 8.2.1;
						LastSwiftMigration = 0900;
						ProvisioningStyle = Automatic;
						TestTargetID = C5781D961E6E2060006BBC03;
					};
				};
			};
			buildConfigurationList = C5781D921E6E2060006BBC03 /* Build configuration list for PBXProject "DailySpend" */;
			compatibilityVersion = "Xcode 3.2";
			developmentRegion = English;
			hasScannedForEncodings = 0;
			knownRegions = (
				en,
				Base,
			);
			mainGroup = C5781D8E1E6E2060006BBC03;
			productRefGroup = C5781D981E6E2060006BBC03 /* Products */;
			projectDirPath = "";
			projectRoot = "";
			targets = (
				C5781D961E6E2060006BBC03 /* DailySpend */,
				C5781DAD1E6E2060006BBC03 /* DailySpendTests */,
				C5781DB81E6E2060006BBC03 /* DailySpendUITests */,
			);
		};
/* End PBXProject section */

/* Begin PBXResourcesBuildPhase section */
		C5781D951E6E2060006BBC03 /* Resources */ = {
			isa = PBXResourcesBuildPhase;
			buildActionMask = 2147483647;
			files = (
				C517B1FE1EBC134200CDAA17 /* UICountingLabel-LICENSE.txt in Resources */,
				C5B367D01EBBD65E006B5ADC /* cog@2x.png in Resources */,
				C5B367D11EBBD65E006B5ADC /* cog@3x.png in Resources */,
				C5781DA81E6E2060006BBC03 /* LaunchScreen.storyboard in Resources */,
				C53BCAA91E9203BC000B5EE1 /* cal_recur@3x.png in Resources */,
				C5CF5F671E7BB68600C35539 /* today.png in Resources */,
				C5CF5F681E7BB68600C35539 /* today@2x.png in Resources */,
				C5781DA51E6E2060006BBC03 /* Assets.xcassets in Resources */,
				C53BCAA81E9203BC000B5EE1 /* cal_recur@2x.png in Resources */,
				C5CF5F661E7BB68600C35539 /* cal@3x.png in Resources */,
				C5CF5F691E7BB68600C35539 /* today@3x.png in Resources */,
				C538FAB91E85696200295062 /* Main.storyboard in Resources */,
				C5CF5F641E7BB68600C35539 /* cal.png in Resources */,
				C5B367CF1EBBD65E006B5ADC /* cog.png in Resources */,
				C5CF5F651E7BB68600C35539 /* cal@2x.png in Resources */,
				C53BCAA71E9203BC000B5EE1 /* cal_recur.png in Resources */,
			);
			runOnlyForDeploymentPostprocessing = 0;
		};
		C5781DAC1E6E2060006BBC03 /* Resources */ = {
			isa = PBXResourcesBuildPhase;
			buildActionMask = 2147483647;
			files = (
			);
			runOnlyForDeploymentPostprocessing = 0;
		};
		C5781DB71E6E2060006BBC03 /* Resources */ = {
			isa = PBXResourcesBuildPhase;
			buildActionMask = 2147483647;
			files = (
			);
			runOnlyForDeploymentPostprocessing = 0;
		};
/* End PBXResourcesBuildPhase section */

/* Begin PBXShellScriptBuildPhase section */
		C518791B1F00417400881FB6 /* ShellScript */ = {
			isa = PBXShellScriptBuildPhase;
			buildActionMask = 12;
			files = (
			);
			inputPaths = (
				"$(SRCROOT)/Carthage/Build/iOS/FLAnimatedImage.framework",
				"$(SRCROOT)/Carthage/Build/iOS/NYTPhotoViewer.framework",
				"$(SRCROOT)/Carthage/Build/iOS/ZipArchive.framework",
			);
			outputPaths = (
				"$(BUILT_PRODUCTS_DIR)/$(FRAMEWORKS_FOLDER_PATH)/FLAnimatedImage.framework",
				"$(BUILT_PRODUCTS_DIR)/$(FRAMEWORKS_FOLDER_PATH)/NYTPhotoViewer.framework",
				"$(BUILT_PRODUCTS_DIR)/$(FRAMEWORKS_FOLDER_PATH)/ZipArchive.framework",
			);
			runOnlyForDeploymentPostprocessing = 0;
			shellPath = /bin/sh;
			shellScript = "/usr/local/bin/carthage copy-frameworks";
		};
/* End PBXShellScriptBuildPhase section */

/* Begin PBXSourcesBuildPhase section */
		C5781D931E6E2060006BBC03 /* Sources */ = {
			isa = PBXSourcesBuildPhase;
			buildActionMask = 2147483647;
			files = (
				C517B1FF1EBC134200CDAA17 /* UICountingLabel.m in Sources */,
				C5DD5A831E83B383008F7FC6 /* CurrentDayTableViewCell.swift in Sources */,
				C573B9F520324C410025A5A2 /* Goal+CoreDataProperties.swift in Sources */,
				C5E339011F930F5700785085 /* AdjustmentViewController.swift in Sources */,
				C5E339031F930F6600785085 /* AddAdjustmentViewController.swift in Sources */,
				C5C65A221EBBFBC6002D1B12 /* ExportViewController.swift in Sources */,
				C5EE62A31E85769700CAEEE7 /* String+CharacterSet.swift in Sources */,
				C5F4712E1F053BB600859A4C /* ExpenseProvider.swift in Sources */,
				C594F1D01F47F206006CA097 /* CalendarMonth.swift in Sources */,
				C5F75FF21F9D6A29005F3510 /* UITextField+Size.swift in Sources */,
				C5BA55B31E8D92C800256E7A /* InitialAdjustmentViewController.swift in Sources */,
				C573BA0420324CDA0025A5A2 /* Expense+CoreDataClass.swift in Sources */,
				C573BA0220324CDA0025A5A2 /* Adjustment+CoreDataClass.swift in Sources */,
				C56CA07A1F64BDEB00874FA8 /* TextFieldTableViewCell.swift in Sources */,
				C5A261A41F66645B007CBB21 /* PauseViewController.swift in Sources */,
				C586813C1F2E85D5008D3AEE /* BorderedTextField.swift in Sources */,
				C58681401F2E91E6008D3AEE /* UIView+MultipleSubviews.swift in Sources */,
				C54E4F491EFD3984006A1CA3 /* ImageSelectorView.swift in Sources */,
				C5DD5A851E83B4AC008F7FC6 /* InitialSpendViewController.swift in Sources */,
				C518B59A1E88C7F0009CA4BB /* Decimal+DoubleValue.swift in Sources */,
				C518791F1F00461000881FB6 /* PhotoBox.swift in Sources */,
				C5781DA31E6E2060006BBC03 /* DailySpend.xcdatamodeld in Sources */,
				C594F1D61F494CD6006CA097 /* Logger.swift in Sources */,
				C5D4DAB81F931D250013A6F3 /* SegmentedControlTableViewCell.swift in Sources */,
				C56F7ED91F64A22B00639F8D /* DatePickerTableViewCell.swift in Sources */,
				C573BA0120324CDA0025A5A2 /* Adjustment+CoreDataProperties.swift in Sources */,
				C594F1CE1F47EDFE006CA097 /* CalendarDay.swift in Sources */,
				C5D3FF331F646B1300D3C7A4 /* AddPauseViewController.swift in Sources */,
				C5E02501201C011500831269 /* CalendarWeek.swift in Sources */,
				C573B9FF20324CDA0025A5A2 /* Pause+CoreDataProperties.swift in Sources */,
				C573BA0320324CDA0025A5A2 /* Expense+CoreDataProperties.swift in Sources */,
				C5781D9B1E6E2060006BBC03 /* AppDelegate.swift in Sources */,
				C586813E1F2E8BF2008D3AEE /* CGRect+Edges.swift in Sources */,
				C5EDC2271EBBC12400DA5CB7 /* SettingsViewController.swift in Sources */,
				C5A4AF901FA6B52900101809 /* TableViewCellHelper.swift in Sources */,
				C5741D4E1FB93EDC00EEDDDD /* TodayViewController.swift in Sources */,
				C55CCFD11F9D44E4001EF0B4 /* UIColor+255.swift in Sources */,
				C573B9F420324C410025A5A2 /* Goal+CoreDataClass.swift in Sources */,
				C573BA0520324CDA0025A5A2 /* Pause+CoreDataClass.swift in Sources */,
				C573BA0020324CDA0025A5A2 /* Image+CoreDataClass.swift in Sources */,
				C5BA55B51E8DAB0E00256E7A /* ReviewTableViewCell.swift in Sources */,
				C503F13A1EA1A8A200FA95A7 /* Export.swift in Sources */,
				C5F75FF01F9D5A75005F3510 /* UILabel+Size.swift in Sources */,
				C556D2541F247C6B008CA20E /* UIControl+Closures.swift in Sources */,
				C573B9FE20324CDA0025A5A2 /* Image+CoreDataProperties.swift in Sources */,
			);
			runOnlyForDeploymentPostprocessing = 0;
		};
		C5781DAA1E6E2060006BBC03 /* Sources */ = {
			isa = PBXSourcesBuildPhase;
			buildActionMask = 2147483647;
			files = (
				C5781DB31E6E2060006BBC03 /* DailySpendTests.swift in Sources */,
			);
			runOnlyForDeploymentPostprocessing = 0;
		};
		C5781DB51E6E2060006BBC03 /* Sources */ = {
			isa = PBXSourcesBuildPhase;
			buildActionMask = 2147483647;
			files = (
				C5781DBE1E6E2060006BBC03 /* DailySpendUITests.swift in Sources */,
			);
			runOnlyForDeploymentPostprocessing = 0;
		};
/* End PBXSourcesBuildPhase section */

/* Begin PBXTargetDependency section */
		C5781DB01E6E2060006BBC03 /* PBXTargetDependency */ = {
			isa = PBXTargetDependency;
			target = C5781D961E6E2060006BBC03 /* DailySpend */;
			targetProxy = C5781DAF1E6E2060006BBC03 /* PBXContainerItemProxy */;
		};
		C5781DBB1E6E2060006BBC03 /* PBXTargetDependency */ = {
			isa = PBXTargetDependency;
			target = C5781D961E6E2060006BBC03 /* DailySpend */;
			targetProxy = C5781DBA1E6E2060006BBC03 /* PBXContainerItemProxy */;
		};
/* End PBXTargetDependency section */

/* Begin PBXVariantGroup section */
		C538FAB71E85696200295062 /* Main.storyboard */ = {
			isa = PBXVariantGroup;
			children = (
				C538FAB81E85696200295062 /* Base */,
			);
			name = Main.storyboard;
			sourceTree = "<group>";
		};
		C5781DA61E6E2060006BBC03 /* LaunchScreen.storyboard */ = {
			isa = PBXVariantGroup;
			children = (
				C5781DA71E6E2060006BBC03 /* Base */,
			);
			name = LaunchScreen.storyboard;
			path = DailySpend;
			sourceTree = "<group>";
		};
/* End PBXVariantGroup section */

/* Begin XCBuildConfiguration section */
		C5781DC01E6E2060006BBC03 /* Debug */ = {
			isa = XCBuildConfiguration;
			buildSettings = {
				ALWAYS_SEARCH_USER_PATHS = NO;
				CLANG_ANALYZER_NONNULL = YES;
				CLANG_CXX_LANGUAGE_STANDARD = "gnu++0x";
				CLANG_CXX_LIBRARY = "libc++";
				CLANG_ENABLE_MODULES = YES;
				CLANG_ENABLE_OBJC_ARC = YES;
				CLANG_WARN_BLOCK_CAPTURE_AUTORELEASING = YES;
				CLANG_WARN_BOOL_CONVERSION = YES;
				CLANG_WARN_COMMA = YES;
				CLANG_WARN_CONSTANT_CONVERSION = YES;
				CLANG_WARN_DIRECT_OBJC_ISA_USAGE = YES_ERROR;
				CLANG_WARN_DOCUMENTATION_COMMENTS = YES;
				CLANG_WARN_EMPTY_BODY = YES;
				CLANG_WARN_ENUM_CONVERSION = YES;
				CLANG_WARN_INFINITE_RECURSION = YES;
				CLANG_WARN_INT_CONVERSION = YES;
				CLANG_WARN_NON_LITERAL_NULL_CONVERSION = YES;
				CLANG_WARN_OBJC_LITERAL_CONVERSION = YES;
				CLANG_WARN_OBJC_ROOT_CLASS = YES_ERROR;
				CLANG_WARN_RANGE_LOOP_ANALYSIS = YES;
				CLANG_WARN_STRICT_PROTOTYPES = YES;
				CLANG_WARN_SUSPICIOUS_MOVE = YES;
				CLANG_WARN_UNREACHABLE_CODE = YES;
				CLANG_WARN__DUPLICATE_METHOD_MATCH = YES;
				"CODE_SIGN_IDENTITY[sdk=iphoneos*]" = "iPhone Developer";
				COPY_PHASE_STRIP = NO;
				DEBUG_INFORMATION_FORMAT = dwarf;
				ENABLE_STRICT_OBJC_MSGSEND = YES;
				ENABLE_TESTABILITY = YES;
				GCC_C_LANGUAGE_STANDARD = gnu99;
				GCC_DYNAMIC_NO_PIC = NO;
				GCC_NO_COMMON_BLOCKS = YES;
				GCC_OPTIMIZATION_LEVEL = 0;
				GCC_PREPROCESSOR_DEFINITIONS = (
					"DEBUG=1",
					"$(inherited)",
				);
				GCC_WARN_64_TO_32_BIT_CONVERSION = YES;
				GCC_WARN_ABOUT_RETURN_TYPE = YES_ERROR;
				GCC_WARN_UNDECLARED_SELECTOR = YES;
				GCC_WARN_UNINITIALIZED_AUTOS = YES_AGGRESSIVE;
				GCC_WARN_UNUSED_FUNCTION = YES;
				GCC_WARN_UNUSED_VARIABLE = YES;
				IPHONEOS_DEPLOYMENT_TARGET = 10.2;
				MTL_ENABLE_DEBUG_INFO = YES;
				ONLY_ACTIVE_ARCH = YES;
				SDKROOT = iphoneos;
				SWIFT_ACTIVE_COMPILATION_CONDITIONS = DEBUG;
				SWIFT_OPTIMIZATION_LEVEL = "-Onone";
				TARGETED_DEVICE_FAMILY = "1,2";
			};
			name = Debug;
		};
		C5781DC11E6E2060006BBC03 /* Release */ = {
			isa = XCBuildConfiguration;
			buildSettings = {
				ALWAYS_SEARCH_USER_PATHS = NO;
				CLANG_ANALYZER_NONNULL = YES;
				CLANG_CXX_LANGUAGE_STANDARD = "gnu++0x";
				CLANG_CXX_LIBRARY = "libc++";
				CLANG_ENABLE_MODULES = YES;
				CLANG_ENABLE_OBJC_ARC = YES;
				CLANG_WARN_BLOCK_CAPTURE_AUTORELEASING = YES;
				CLANG_WARN_BOOL_CONVERSION = YES;
				CLANG_WARN_COMMA = YES;
				CLANG_WARN_CONSTANT_CONVERSION = YES;
				CLANG_WARN_DIRECT_OBJC_ISA_USAGE = YES_ERROR;
				CLANG_WARN_DOCUMENTATION_COMMENTS = YES;
				CLANG_WARN_EMPTY_BODY = YES;
				CLANG_WARN_ENUM_CONVERSION = YES;
				CLANG_WARN_INFINITE_RECURSION = YES;
				CLANG_WARN_INT_CONVERSION = YES;
				CLANG_WARN_NON_LITERAL_NULL_CONVERSION = YES;
				CLANG_WARN_OBJC_LITERAL_CONVERSION = YES;
				CLANG_WARN_OBJC_ROOT_CLASS = YES_ERROR;
				CLANG_WARN_RANGE_LOOP_ANALYSIS = YES;
				CLANG_WARN_STRICT_PROTOTYPES = YES;
				CLANG_WARN_SUSPICIOUS_MOVE = YES;
				CLANG_WARN_UNREACHABLE_CODE = YES;
				CLANG_WARN__DUPLICATE_METHOD_MATCH = YES;
				"CODE_SIGN_IDENTITY[sdk=iphoneos*]" = "iPhone Developer";
				COPY_PHASE_STRIP = NO;
				DEBUG_INFORMATION_FORMAT = "dwarf-with-dsym";
				ENABLE_NS_ASSERTIONS = NO;
				ENABLE_STRICT_OBJC_MSGSEND = YES;
				GCC_C_LANGUAGE_STANDARD = gnu99;
				GCC_NO_COMMON_BLOCKS = YES;
				GCC_WARN_64_TO_32_BIT_CONVERSION = YES;
				GCC_WARN_ABOUT_RETURN_TYPE = YES_ERROR;
				GCC_WARN_UNDECLARED_SELECTOR = YES;
				GCC_WARN_UNINITIALIZED_AUTOS = YES_AGGRESSIVE;
				GCC_WARN_UNUSED_FUNCTION = YES;
				GCC_WARN_UNUSED_VARIABLE = YES;
				IPHONEOS_DEPLOYMENT_TARGET = 10.2;
				MTL_ENABLE_DEBUG_INFO = NO;
				SDKROOT = iphoneos;
				SWIFT_OPTIMIZATION_LEVEL = "-Owholemodule";
				TARGETED_DEVICE_FAMILY = "1,2";
				VALIDATE_PRODUCT = YES;
			};
			name = Release;
		};
		C5781DC31E6E2060006BBC03 /* Debug */ = {
			isa = XCBuildConfiguration;
			buildSettings = {
				ASSETCATALOG_COMPILER_APPICON_NAME = AppIcon;
				CLANG_ENABLE_MODULES = YES;
				DEVELOPMENT_TEAM = 9QAA23LAQ9;
				FRAMEWORK_SEARCH_PATHS = (
					"$(inherited)",
					"$(PROJECT_DIR)/Carthage/Build/iOS",
					"$(PROJECT_DIR)",
				);
				INFOPLIST_FILE = DailySpend/Info.plist;
				LD_RUNPATH_SEARCH_PATHS = "$(inherited) @executable_path/Frameworks";
				PRODUCT_BUNDLE_IDENTIFIER = com.joshsherick.DailySpendTesting;
				PRODUCT_NAME = "$(TARGET_NAME)";
				SWIFT_OBJC_BRIDGING_HEADER = "DailySpend/DailySpend-Bridging-Header.h";
				SWIFT_OPTIMIZATION_LEVEL = "-Onone";
				SWIFT_SWIFT3_OBJC_INFERENCE = Default;
				SWIFT_VERSION = 4.0;
			};
			name = Debug;
		};
		C5781DC41E6E2060006BBC03 /* Release */ = {
			isa = XCBuildConfiguration;
			buildSettings = {
				ASSETCATALOG_COMPILER_APPICON_NAME = AppIcon;
				CLANG_ENABLE_MODULES = YES;
				DEVELOPMENT_TEAM = 9QAA23LAQ9;
				FRAMEWORK_SEARCH_PATHS = (
					"$(inherited)",
					"$(PROJECT_DIR)/Carthage/Build/iOS",
					"$(PROJECT_DIR)",
				);
				INFOPLIST_FILE = DailySpend/Info.plist;
				LD_RUNPATH_SEARCH_PATHS = "$(inherited) @executable_path/Frameworks";
				PRODUCT_BUNDLE_IDENTIFIER = com.joshsherick.DailySpendTesting;
				PRODUCT_NAME = "$(TARGET_NAME)";
				SWIFT_OBJC_BRIDGING_HEADER = "DailySpend/DailySpend-Bridging-Header.h";
				SWIFT_SWIFT3_OBJC_INFERENCE = Default;
				SWIFT_VERSION = 4.0;
			};
			name = Release;
		};
		C5781DC61E6E2060006BBC03 /* Debug */ = {
			isa = XCBuildConfiguration;
			buildSettings = {
				ALWAYS_EMBED_SWIFT_STANDARD_LIBRARIES = YES;
				BUNDLE_LOADER = "$(TEST_HOST)";
				INFOPLIST_FILE = DailySpendTests/Info.plist;
				LD_RUNPATH_SEARCH_PATHS = "$(inherited) @executable_path/Frameworks @loader_path/Frameworks";
				PRODUCT_BUNDLE_IDENTIFIER = joshsherick.DailySpendTests;
				PRODUCT_NAME = "$(TARGET_NAME)";
				SWIFT_SWIFT3_OBJC_INFERENCE = Default;
				SWIFT_VERSION = 4.0;
				TEST_HOST = "$(BUILT_PRODUCTS_DIR)/DailySpend.app/DailySpend";
			};
			name = Debug;
		};
		C5781DC71E6E2060006BBC03 /* Release */ = {
			isa = XCBuildConfiguration;
			buildSettings = {
				ALWAYS_EMBED_SWIFT_STANDARD_LIBRARIES = YES;
				BUNDLE_LOADER = "$(TEST_HOST)";
				INFOPLIST_FILE = DailySpendTests/Info.plist;
				LD_RUNPATH_SEARCH_PATHS = "$(inherited) @executable_path/Frameworks @loader_path/Frameworks";
				PRODUCT_BUNDLE_IDENTIFIER = joshsherick.DailySpendTests;
				PRODUCT_NAME = "$(TARGET_NAME)";
				SWIFT_SWIFT3_OBJC_INFERENCE = Default;
				SWIFT_VERSION = 4.0;
				TEST_HOST = "$(BUILT_PRODUCTS_DIR)/DailySpend.app/DailySpend";
			};
			name = Release;
		};
		C5781DC91E6E2060006BBC03 /* Debug */ = {
			isa = XCBuildConfiguration;
			buildSettings = {
				ALWAYS_EMBED_SWIFT_STANDARD_LIBRARIES = YES;
				INFOPLIST_FILE = DailySpendUITests/Info.plist;
				LD_RUNPATH_SEARCH_PATHS = "$(inherited) @executable_path/Frameworks @loader_path/Frameworks";
				PRODUCT_BUNDLE_IDENTIFIER = joshsherick.DailySpendUITests;
				PRODUCT_NAME = "$(TARGET_NAME)";
				SWIFT_SWIFT3_OBJC_INFERENCE = Default;
				SWIFT_VERSION = 4.0;
				TEST_TARGET_NAME = DailySpend;
			};
			name = Debug;
		};
		C5781DCA1E6E2060006BBC03 /* Release */ = {
			isa = XCBuildConfiguration;
			buildSettings = {
				ALWAYS_EMBED_SWIFT_STANDARD_LIBRARIES = YES;
				INFOPLIST_FILE = DailySpendUITests/Info.plist;
				LD_RUNPATH_SEARCH_PATHS = "$(inherited) @executable_path/Frameworks @loader_path/Frameworks";
				PRODUCT_BUNDLE_IDENTIFIER = joshsherick.DailySpendUITests;
				PRODUCT_NAME = "$(TARGET_NAME)";
				SWIFT_SWIFT3_OBJC_INFERENCE = Default;
				SWIFT_VERSION = 4.0;
				TEST_TARGET_NAME = DailySpend;
			};
			name = Release;
		};
/* End XCBuildConfiguration section */

/* Begin XCConfigurationList section */
		C5781D921E6E2060006BBC03 /* Build configuration list for PBXProject "DailySpend" */ = {
			isa = XCConfigurationList;
			buildConfigurations = (
				C5781DC01E6E2060006BBC03 /* Debug */,
				C5781DC11E6E2060006BBC03 /* Release */,
			);
			defaultConfigurationIsVisible = 0;
			defaultConfigurationName = Release;
		};
		C5781DC21E6E2060006BBC03 /* Build configuration list for PBXNativeTarget "DailySpend" */ = {
			isa = XCConfigurationList;
			buildConfigurations = (
				C5781DC31E6E2060006BBC03 /* Debug */,
				C5781DC41E6E2060006BBC03 /* Release */,
			);
			defaultConfigurationIsVisible = 0;
			defaultConfigurationName = Release;
		};
		C5781DC51E6E2060006BBC03 /* Build configuration list for PBXNativeTarget "DailySpendTests" */ = {
			isa = XCConfigurationList;
			buildConfigurations = (
				C5781DC61E6E2060006BBC03 /* Debug */,
				C5781DC71E6E2060006BBC03 /* Release */,
			);
			defaultConfigurationIsVisible = 0;
			defaultConfigurationName = Release;
		};
		C5781DC81E6E2060006BBC03 /* Build configuration list for PBXNativeTarget "DailySpendUITests" */ = {
			isa = XCConfigurationList;
			buildConfigurations = (
				C5781DC91E6E2060006BBC03 /* Debug */,
				C5781DCA1E6E2060006BBC03 /* Release */,
			);
			defaultConfigurationIsVisible = 0;
			defaultConfigurationName = Release;
		};
/* End XCConfigurationList section */

/* Begin XCVersionGroup section */
		C5781DA11E6E2060006BBC03 /* DailySpend.xcdatamodeld */ = {
			isa = XCVersionGroup;
			children = (
				C5108977201BE8A1005AA672 /* DailySpend 6.xcdatamodel */,
				C502DB2B1F92B24C004136E5 /* DailySpend 5.xcdatamodel */,
				C5D3FF341F646BF300D3C7A4 /* DailySpend 4.xcdatamodel */,
				C51B8C521F04EDE5008AC0C6 /* DailySpend 3.xcdatamodel */,
				C5A287C41EC1741200D3479A /* DailySpend 2.xcdatamodel */,
				C5781DA21E6E2060006BBC03 /* DailySpend.xcdatamodel */,
			);
			currentVersion = C5108977201BE8A1005AA672 /* DailySpend 6.xcdatamodel */;
			path = DailySpend.xcdatamodeld;
			sourceTree = "<group>";
			versionGroupType = wrapper.xcdatamodel;
		};
/* End XCVersionGroup section */
	};
	rootObject = C5781D8F1E6E2060006BBC03 /* Project object */;
}
